
Microsoft Visual Studio Solution File, Format Version 12.00
# Visual Studio Version 17
VisualStudioVersion = 17.8.34309.116
MinimumVisualStudioVersion = 10.0.40219.1
Project("{2150E333-8FDC-42A3-9474-1A3956D46DE8}") = "Gateway", "Gateway", "{5700E0D8-85DD-4FFB-B385-E31A4CECDB0B}"
EndProject
Project("{2150E333-8FDC-42A3-9474-1A3956D46DE8}") = "FrontEnd", "FrontEnd", "{64C48867-B938-4BF3-8744-B83E86EA4886}"
EndProject
Project("{2150E333-8FDC-42A3-9474-1A3956D46DE8}") = "Integration", "Integration", "{34C0605C-09B3-4167-9F65-61E3DD1C3EF3}"
EndProject
Project("{2150E333-8FDC-42A3-9474-1A3956D46DE8}") = "Services", "Services", "{DBEE87F2-EA1B-4CE0-A76A-47EF78B5CF15}"
EndProject
Project("{FAE04EC0-301F-11D3-BF4B-00C04F79EFBC}") = "MicroBookShop.Services.CouponAPI", "MicroBookShop.Services.CouponAPI\MicroBookShop.Services.CouponAPI.csproj", "{22A7164A-1A3F-4AAF-8D35-1D15AE05D14E}"
EndProject
Project("{2150E333-8FDC-42A3-9474-1A3956D46DE8}") = "CouponAPI", "CouponAPI", "{58CC7141-E4E3-45D5-8D4B-3E98F27802B7}"
EndProject
Project("{FAE04EC0-301F-11D3-BF4B-00C04F79EFBC}") = "MicroBookShop.Services.CouponAPI.Domain", "MicroBookShop.Services.CouponAPI.Domain\MicroBookShop.Services.CouponAPI.Domain.csproj", "{6D295742-1762-408C-9FFE-B7CA30D74E8C}"
EndProject
Project("{FAE04EC0-301F-11D3-BF4B-00C04F79EFBC}") = "MicroBookShop.Services.CouponAPI.Application", "MicroBookShop.Services.CouponAPI.Application\MicroBookShop.Services.CouponAPI.Application.csproj", "{D72ACDBE-C644-447D-9ED1-1F308858078F}"
EndProject
Project("{FAE04EC0-301F-11D3-BF4B-00C04F79EFBC}") = "MicroBookShop.Services.CouponAPI.Infrastructure", "MicroBookShop.Services.CouponAPI.Infrastructure\MicroBookShop.Services.CouponAPI.Infrastructure.csproj", "{33C613B4-939A-4649-8BDB-79C603CB9DA4}"
EndProject
Global
	GlobalSection(SolutionConfigurationPlatforms) = preSolution
		Debug|Any CPU = Debug|Any CPU
		Release|Any CPU = Release|Any CPU
	EndGlobalSection
	GlobalSection(ProjectConfigurationPlatforms) = postSolution
		{22A7164A-1A3F-4AAF-8D35-1D15AE05D14E}.Debug|Any CPU.ActiveCfg = Debug|Any CPU
		{22A7164A-1A3F-4AAF-8D35-1D15AE05D14E}.Debug|Any CPU.Build.0 = Debug|Any CPU
		{22A7164A-1A3F-4AAF-8D35-1D15AE05D14E}.Release|Any CPU.ActiveCfg = Release|Any CPU
		{22A7164A-1A3F-4AAF-8D35-1D15AE05D14E}.Release|Any CPU.Build.0 = Release|Any CPU
		{6D295742-1762-408C-9FFE-B7CA30D74E8C}.Debug|Any CPU.ActiveCfg = Debug|Any CPU
		{6D295742-1762-408C-9FFE-B7CA30D74E8C}.Debug|Any CPU.Build.0 = Debug|Any CPU
		{6D295742-1762-408C-9FFE-B7CA30D74E8C}.Release|Any CPU.ActiveCfg = Release|Any CPU
		{6D295742-1762-408C-9FFE-B7CA30D74E8C}.Release|Any CPU.Build.0 = Release|Any CPU
		{D72ACDBE-C644-447D-9ED1-1F308858078F}.Debug|Any CPU.ActiveCfg = Debug|Any CPU
		{D72ACDBE-C644-447D-9ED1-1F308858078F}.Debug|Any CPU.Build.0 = Debug|Any CPU
		{D72ACDBE-C644-447D-9ED1-1F308858078F}.Release|Any CPU.ActiveCfg = Release|Any CPU
		{D72ACDBE-C644-447D-9ED1-1F308858078F}.Release|Any CPU.Build.0 = Release|Any CPU
		{33C613B4-939A-4649-8BDB-79C603CB9DA4}.Debug|Any CPU.ActiveCfg = Debug|Any CPU
		{33C613B4-939A-4649-8BDB-79C603CB9DA4}.Debug|Any CPU.Build.0 = Debug|Any CPU
		{33C613B4-939A-4649-8BDB-79C603CB9DA4}.Release|Any CPU.ActiveCfg = Release|Any CPU
		{33C613B4-939A-4649-8BDB-79C603CB9DA4}.Release|Any CPU.Build.0 = Release|Any CPU
	EndGlobalSection
	GlobalSection(SolutionProperties) = preSolution
		HideSolutionNode = FALSE
	EndGlobalSection
	GlobalSection(NestedProjects) = preSolution
		{22A7164A-1A3F-4AAF-8D35-1D15AE05D14E} = {58CC7141-E4E3-45D5-8D4B-3E98F27802B7}
		{58CC7141-E4E3-45D5-8D4B-3E98F27802B7} = {DBEE87F2-EA1B-4CE0-A76A-47EF78B5CF15}
		{6D295742-1762-408C-9FFE-B7CA30D74E8C} = {58CC7141-E4E3-45D5-8D4B-3E98F27802B7}
		{D72ACDBE-C644-447D-9ED1-1F308858078F} = {58CC7141-E4E3-45D5-8D4B-3E98F27802B7}
		{33C613B4-939A-4649-8BDB-79C603CB9DA4} = {58CC7141-E4E3-45D5-8D4B-3E98F27802B7}
	EndGlobalSection
	GlobalSection(ExtensibilityGlobals) = postSolution
		SolutionGuid = {B558E240-9F14-4B86-A4CF-0CE412427668}
	EndGlobalSection
EndGlobal
